
Microsoft Visual Studio Solution File, Format Version 12.00
# Visual Studio Version 17
VisualStudioVersion = 17.9.34607.119
MinimumVisualStudioVersion = 10.0.40219.1
Project("{FAE04EC0-301F-11D3-BF4B-00C04F79EFBC}") = "toolvi.", "..\toolvi\toolvi\toolvi..csproj", "{81D5BC7D-BE55-4174-90A0-BC6E2FF536DF}"
EndProject
Global
	GlobalSection(SolutionConfigurationPlatforms) = preSolution
		Debug|Any CPU = Debug|Any CPU
		Release|Any CPU = Release|Any CPU
	EndGlobalSection
	GlobalSection(ProjectConfigurationPlatforms) = postSolution
		{81D5BC7D-BE55-4174-90A0-BC6E2FF536DF}.Debug|Any CPU.ActiveCfg = Debug|Any CPU
		{81D5BC7D-BE55-4174-90A0-BC6E2FF536DF}.Debug|Any CPU.Build.0 = Debug|Any CPU
		{81D5BC7D-BE55-4174-90A0-BC6E2FF536DF}.Release|Any CPU.ActiveCfg = Release|Any CPU
		{81D5BC7D-BE55-4174-90A0-BC6E2FF536DF}.Release|Any CPU.Build.0 = Release|Any CPU
	EndGlobalSection
	GlobalSection(SolutionProperties) = preSolution
		HideSolutionNode = FALSE
	EndGlobalSection
	GlobalSection(ExtensibilityGlobals) = postSolution
		SolutionGuid = {C84D8983-30CC-4A4A-A391-2D65D79DDD2A}
	EndGlobalSection
EndGlobal
